// !$*UTF8*$!
{
	archiveVersion = 1;
	classes = {
	};
	objectVersion = 50;
	objects = {

/* Begin PBXBuildFile section */
		F10DD923251960AE00B6B7A3 /* AppDelegate.swift in Sources */ = {isa = PBXBuildFile; fileRef = F10DD922251960AE00B6B7A3 /* AppDelegate.swift */; };
		F10DD925251960AE00B6B7A3 /* SceneDelegate.swift in Sources */ = {isa = PBXBuildFile; fileRef = F10DD924251960AE00B6B7A3 /* SceneDelegate.swift */; };
		F10DD929251960B000B6B7A3 /* Assets.xcassets in Resources */ = {isa = PBXBuildFile; fileRef = F10DD928251960B000B6B7A3 /* Assets.xcassets */; };
		F10DD92C251960B000B6B7A3 /* Preview Assets.xcassets in Resources */ = {isa = PBXBuildFile; fileRef = F10DD92B251960B000B6B7A3 /* Preview Assets.xcassets */; };
		F10DD92F251960B000B6B7A3 /* LaunchScreen.storyboard in Resources */ = {isa = PBXBuildFile; fileRef = F10DD92D251960B000B6B7A3 /* LaunchScreen.storyboard */; };
		F10DD93725196AAE00B6B7A3 /* BLEScanners.swift in Sources */ = {isa = PBXBuildFile; fileRef = F10DD93625196AAE00B6B7A3 /* BLEScanners.swift */; };
		F10DD93925196F2100B6B7A3 /* BLEScannerView.swift in Sources */ = {isa = PBXBuildFile; fileRef = F10DD93825196F2100B6B7A3 /* BLEScannerView.swift */; };
		F18AC00D251C02A500FF7469 /* BLEScannerVM.swift in Sources */ = {isa = PBXBuildFile; fileRef = F18AC00C251C02A500FF7469 /* BLEScannerVM.swift */; };
/* End PBXBuildFile section */

/* Begin PBXFileReference section */
		F10DD91F251960AE00B6B7A3 /* GaitSensor.app */ = {isa = PBXFileReference; explicitFileType = wrapper.application; includeInIndex = 0; path = GaitSensor.app; sourceTree = BUILT_PRODUCTS_DIR; };
		F10DD922251960AE00B6B7A3 /* AppDelegate.swift */ = {isa = PBXFileReference; lastKnownFileType = sourcecode.swift; path = AppDelegate.swift; sourceTree = "<group>"; };
		F10DD924251960AE00B6B7A3 /* SceneDelegate.swift */ = {isa = PBXFileReference; lastKnownFileType = sourcecode.swift; path = SceneDelegate.swift; sourceTree = "<group>"; };
		F10DD928251960B000B6B7A3 /* Assets.xcassets */ = {isa = PBXFileReference; lastKnownFileType = folder.assetcatalog; path = Assets.xcassets; sourceTree = "<group>"; };
		F10DD92B251960B000B6B7A3 /* Preview Assets.xcassets */ = {isa = PBXFileReference; lastKnownFileType = folder.assetcatalog; path = "Preview Assets.xcassets"; sourceTree = "<group>"; };
		F10DD92E251960B000B6B7A3 /* Base */ = {isa = PBXFileReference; lastKnownFileType = file.storyboard; name = Base; path = Base.lproj/LaunchScreen.storyboard; sourceTree = "<group>"; };
		F10DD930251960B000B6B7A3 /* Info.plist */ = {isa = PBXFileReference; lastKnownFileType = text.plist.xml; path = Info.plist; sourceTree = "<group>"; };
		F10DD93625196AAE00B6B7A3 /* BLEScanners.swift */ = {isa = PBXFileReference; lastKnownFileType = sourcecode.swift; path = BLEScanners.swift; sourceTree = "<group>"; };
		F10DD93825196F2100B6B7A3 /* BLEScannerView.swift */ = {isa = PBXFileReference; lastKnownFileType = sourcecode.swift; path = BLEScannerView.swift; sourceTree = "<group>"; };
		F18AC00C251C02A500FF7469 /* BLEScannerVM.swift */ = {isa = PBXFileReference; lastKnownFileType = sourcecode.swift; path = BLEScannerVM.swift; sourceTree = "<group>"; };
/* End PBXFileReference section */

/* Begin PBXFrameworksBuildPhase section */
		F10DD91C251960AE00B6B7A3 /* Frameworks */ = {
			isa = PBXFrameworksBuildPhase;
			buildActionMask = 2147483647;
			files = (
			);
			runOnlyForDeploymentPostprocessing = 0;
		};
/* End PBXFrameworksBuildPhase section */

/* Begin PBXGroup section */
		F10DD916251960AE00B6B7A3 = {
			isa = PBXGroup;
			children = (
				F10DD921251960AE00B6B7A3 /* GaitSensor */,
				F10DD920251960AE00B6B7A3 /* Products */,
			);
			sourceTree = "<group>";
		};
		F10DD920251960AE00B6B7A3 /* Products */ = {
			isa = PBXGroup;
			children = (
				F10DD91F251960AE00B6B7A3 /* GaitSensor.app */,
			);
			name = Products;
			sourceTree = "<group>";
		};
		F10DD921251960AE00B6B7A3 /* GaitSensor */ = {
			isa = PBXGroup;
			children = (
				F10DD93825196F2100B6B7A3 /* BLEScannerView.swift */,
				F10DD922251960AE00B6B7A3 /* AppDelegate.swift */,
				F10DD924251960AE00B6B7A3 /* SceneDelegate.swift */,
				F10DD93625196AAE00B6B7A3 /* BLEScanners.swift */,
				F18AC00C251C02A500FF7469 /* BLEScannerVM.swift */,
				F10DD928251960B000B6B7A3 /* Assets.xcassets */,
				F10DD92D251960B000B6B7A3 /* LaunchScreen.storyboard */,
				F10DD930251960B000B6B7A3 /* Info.plist */,
				F10DD92A251960B000B6B7A3 /* Preview Content */,
			);
			path = GaitSensor;
			sourceTree = "<group>";
		};
		F10DD92A251960B000B6B7A3 /* Preview Content */ = {
			isa = PBXGroup;
			children = (
				F10DD92B251960B000B6B7A3 /* Preview Assets.xcassets */,
			);
			path = "Preview Content";
			sourceTree = "<group>";
		};
/* End PBXGroup section */

/* Begin PBXNativeTarget section */
		F10DD91E251960AE00B6B7A3 /* GaitSensor */ = {
			isa = PBXNativeTarget;
			buildConfigurationList = F10DD933251960B000B6B7A3 /* Build configuration list for PBXNativeTarget "GaitSensor" */;
			buildPhases = (
				F10DD91B251960AE00B6B7A3 /* Sources */,
				F10DD91C251960AE00B6B7A3 /* Frameworks */,
				F10DD91D251960AE00B6B7A3 /* Resources */,
			);
			buildRules = (
			);
			dependencies = (
			);
			name = GaitSensor;
			productName = GaitSensor;
			productReference = F10DD91F251960AE00B6B7A3 /* GaitSensor.app */;
			productType = "com.apple.product-type.application";
		};
/* End PBXNativeTarget section */

/* Begin PBXProject section */
		F10DD917251960AE00B6B7A3 /* Project object */ = {
			isa = PBXProject;
			attributes = {
				LastSwiftUpdateCheck = 1130;
				LastUpgradeCheck = 1200;
				ORGANIZATIONNAME = "Helmut Strey";
				TargetAttributes = {
					F10DD91E251960AE00B6B7A3 = {
						CreatedOnToolsVersion = 11.3.1;
					};
				};
			};
			buildConfigurationList = F10DD91A251960AE00B6B7A3 /* Build configuration list for PBXProject "GaitSensor" */;
			compatibilityVersion = "Xcode 9.3";
			developmentRegion = en;
			hasScannedForEncodings = 0;
			knownRegions = (
				en,
				Base,
			);
			mainGroup = F10DD916251960AE00B6B7A3;
			productRefGroup = F10DD920251960AE00B6B7A3 /* Products */;
			projectDirPath = "";
			projectRoot = "";
			targets = (
				F10DD91E251960AE00B6B7A3 /* GaitSensor */,
			);
		};
/* End PBXProject section */

/* Begin PBXResourcesBuildPhase section */
		F10DD91D251960AE00B6B7A3 /* Resources */ = {
			isa = PBXResourcesBuildPhase;
			buildActionMask = 2147483647;
			files = (
				F10DD92F251960B000B6B7A3 /* LaunchScreen.storyboard in Resources */,
				F10DD92C251960B000B6B7A3 /* Preview Assets.xcassets in Resources */,
				F10DD929251960B000B6B7A3 /* Assets.xcassets in Resources */,
			);
			runOnlyForDeploymentPostprocessing = 0;
		};
/* End PBXResourcesBuildPhase section */

/* Begin PBXSourcesBuildPhase section */
		F10DD91B251960AE00B6B7A3 /* Sources */ = {
			isa = PBXSourcesBuildPhase;
			buildActionMask = 2147483647;
			files = (
				F18AC00D251C02A500FF7469 /* BLEScannerVM.swift in Sources */,
				F10DD923251960AE00B6B7A3 /* AppDelegate.swift in Sources */,
				F10DD93725196AAE00B6B7A3 /* BLEScanners.swift in Sources */,
				F10DD925251960AE00B6B7A3 /* SceneDelegate.swift in Sources */,
				F10DD93925196F2100B6B7A3 /* BLEScannerView.swift in Sources */,
			);
			runOnlyForDeploymentPostprocessing = 0;
		};
/* End PBXSourcesBuildPhase section */

/* Begin PBXVariantGroup section */
		F10DD92D251960B000B6B7A3 /* LaunchScreen.storyboard */ = {
			isa = PBXVariantGroup;
			children = (
				F10DD92E251960B000B6B7A3 /* Base */,
			);
			name = LaunchScreen.storyboard;
			sourceTree = "<group>";
		};
/* End PBXVariantGroup section */

/* Begin XCBuildConfiguration section */
		F10DD931251960B000B6B7A3 /* Debug */ = {
			isa = XCBuildConfiguration;
			buildSettings = {
				ALWAYS_SEARCH_USER_PATHS = NO;
				CLANG_ANALYZER_NONNULL = YES;
				CLANG_ANALYZER_NUMBER_OBJECT_CONVERSION = YES_AGGRESSIVE;
				CLANG_CXX_LANGUAGE_STANDARD = "gnu++14";
				CLANG_CXX_LIBRARY = "libc++";
				CLANG_ENABLE_MODULES = YES;
				CLANG_ENABLE_OBJC_ARC = YES;
				CLANG_ENABLE_OBJC_WEAK = YES;
				CLANG_WARN_BLOCK_CAPTURE_AUTORELEASING = YES;
				CLANG_WARN_BOOL_CONVERSION = YES;
				CLANG_WARN_COMMA = YES;
				CLANG_WARN_CONSTANT_CONVERSION = YES;
				CLANG_WARN_DEPRECATED_OBJC_IMPLEMENTATIONS = YES;
				CLANG_WARN_DIRECT_OBJC_ISA_USAGE = YES_ERROR;
				CLANG_WARN_DOCUMENTATION_COMMENTS = YES;
				CLANG_WARN_EMPTY_BODY = YES;
				CLANG_WARN_ENUM_CONVERSION = YES;
				CLANG_WARN_INFINITE_RECURSION = YES;
				CLANG_WARN_INT_CONVERSION = YES;
				CLANG_WARN_NON_LITERAL_NULL_CONVERSION = YES;
				CLANG_WARN_OBJC_IMPLICIT_RETAIN_SELF = YES;
				CLANG_WARN_OBJC_LITERAL_CONVERSION = YES;
				CLANG_WARN_OBJC_ROOT_CLASS = YES_ERROR;
				CLANG_WARN_QUOTED_INCLUDE_IN_FRAMEWORK_HEADER = YES;
				CLANG_WARN_RANGE_LOOP_ANALYSIS = YES;
				CLANG_WARN_STRICT_PROTOTYPES = YES;
				CLANG_WARN_SUSPICIOUS_MOVE = YES;
				CLANG_WARN_UNGUARDED_AVAILABILITY = YES_AGGRESSIVE;
				CLANG_WARN_UNREACHABLE_CODE = YES;
				CLANG_WARN__DUPLICATE_METHOD_MATCH = YES;
				COPY_PHASE_STRIP = NO;
				DEBUG_INFORMATION_FORMAT = dwarf;
				ENABLE_STRICT_OBJC_MSGSEND = YES;
				ENABLE_TESTABILITY = YES;
				GCC_C_LANGUAGE_STANDARD = gnu11;
				GCC_DYNAMIC_NO_PIC = NO;
				GCC_NO_COMMON_BLOCKS = YES;
				GCC_OPTIMIZATION_LEVEL = 0;
				GCC_PREPROCESSOR_DEFINITIONS = (
					"DEBUG=1",
					"$(inherited)",
				);
				GCC_WARN_64_TO_32_BIT_CONVERSION = YES;
				GCC_WARN_ABOUT_RETURN_TYPE = YES_ERROR;
				GCC_WARN_UNDECLARED_SELECTOR = YES;
				GCC_WARN_UNINITIALIZED_AUTOS = YES_AGGRESSIVE;
				GCC_WARN_UNUSED_FUNCTION = YES;
				GCC_WARN_UNUSED_VARIABLE = YES;
				IPHONEOS_DEPLOYMENT_TARGET = 13.2;
				MTL_ENABLE_DEBUG_INFO = INCLUDE_SOURCE;
				MTL_FAST_MATH = YES;
				ONLY_ACTIVE_ARCH = YES;
				SDKROOT = iphoneos;
				SWIFT_ACTIVE_COMPILATION_CONDITIONS = DEBUG;
				SWIFT_OPTIMIZATION_LEVEL = "-Onone";
			};
			name = Debug;
		};
		F10DD932251960B000B6B7A3 /* Release */ = {
			isa = XCBuildConfiguration;
			buildSettings = {
				ALWAYS_SEARCH_USER_PATHS = NO;
				CLANG_ANALYZER_NONNULL = YES;
				CLANG_ANALYZER_NUMBER_OBJECT_CONVERSION = YES_AGGRESSIVE;
				CLANG_CXX_LANGUAGE_STANDARD = "gnu++14";
				CLANG_CXX_LIBRARY = "libc++";
				CLANG_ENABLE_MODULES = YES;
				CLANG_ENABLE_OBJC_ARC = YES;
				CLANG_ENABLE_OBJC_WEAK = YES;
				CLANG_WARN_BLOCK_CAPTURE_AUTORELEASING = YES;
				CLANG_WARN_BOOL_CONVERSION = YES;
				CLANG_WARN_COMMA = YES;
				CLANG_WARN_CONSTANT_CONVERSION = YES;
				CLANG_WARN_DEPRECATED_OBJC_IMPLEMENTATIONS = YES;
				CLANG_WARN_DIRECT_OBJC_ISA_USAGE = YES_ERROR;
				CLANG_WARN_DOCUMENTATION_COMMENTS = YES;
				CLANG_WARN_EMPTY_BODY = YES;
				CLANG_WARN_ENUM_CONVERSION = YES;
				CLANG_WARN_INFINITE_RECURSION = YES;
				CLANG_WARN_INT_CONVERSION = YES;
				CLANG_WARN_NON_LITERAL_NULL_CONVERSION = YES;
				CLANG_WARN_OBJC_IMPLICIT_RETAIN_SELF = YES;
				CLANG_WARN_OBJC_LITERAL_CONVERSION = YES;
				CLANG_WARN_OBJC_ROOT_CLASS = YES_ERROR;
				CLANG_WARN_QUOTED_INCLUDE_IN_FRAMEWORK_HEADER = YES;
				CLANG_WARN_RANGE_LOOP_ANALYSIS = YES;
				CLANG_WARN_STRICT_PROTOTYPES = YES;
				CLANG_WARN_SUSPICIOUS_MOVE = YES;
				CLANG_WARN_UNGUARDED_AVAILABILITY = YES_AGGRESSIVE;
				CLANG_WARN_UNREACHABLE_CODE = YES;
				CLANG_WARN__DUPLICATE_METHOD_MATCH = YES;
				COPY_PHASE_STRIP = NO;
				DEBUG_INFORMATION_FORMAT = "dwarf-with-dsym";
				ENABLE_NS_ASSERTIONS = NO;
				ENABLE_STRICT_OBJC_MSGSEND = YES;
				GCC_C_LANGUAGE_STANDARD = gnu11;
				GCC_NO_COMMON_BLOCKS = YES;
				GCC_WARN_64_TO_32_BIT_CONVERSION = YES;
				GCC_WARN_ABOUT_RETURN_TYPE = YES_ERROR;
				GCC_WARN_UNDECLARED_SELECTOR = YES;
				GCC_WARN_UNINITIALIZED_AUTOS = YES_AGGRESSIVE;
				GCC_WARN_UNUSED_FUNCTION = YES;
				GCC_WARN_UNUSED_VARIABLE = YES;
				IPHONEOS_DEPLOYMENT_TARGET = 13.2;
				MTL_ENABLE_DEBUG_INFO = NO;
				MTL_FAST_MATH = YES;
				SDKROOT = iphoneos;
				SWIFT_COMPILATION_MODE = wholemodule;
				SWIFT_OPTIMIZATION_LEVEL = "-O";
				VALIDATE_PRODUCT = YES;
			};
			name = Release;
		};
		F10DD934251960B000B6B7A3 /* Debug */ = {
			isa = XCBuildConfiguration;
			buildSettings = {
				ASSETCATALOG_COMPILER_APPICON_NAME = AppIcon;
				CODE_SIGN_STYLE = Automatic;
				DEVELOPMENT_ASSET_PATHS = "\"GaitSensor/Preview Content\"";
				DEVELOPMENT_TEAM = PNKEW93VZ6;
				ENABLE_PREVIEWS = YES;
				INFOPLIST_FILE = GaitSensor/Info.plist;
				LD_RUNPATH_SEARCH_PATHS = (
					"$(inherited)",
					"@executable_path/Frameworks",
				);
				PRODUCT_BUNDLE_IDENTIFIER = edu.stonybrook.GaitSensor;
				PRODUCT_NAME = "$(TARGET_NAME)";
				SWIFT_VERSION = 5.0;
				TARGETED_DEVICE_FAMILY = "1,2";
			};
			name = Debug;
		};
		F10DD935251960B000B6B7A3 /* Release */ = {
			isa = XCBuildConfiguration;
			buildSettings = {
				ASSETCATALOG_COMPILER_APPICON_NAME = AppIcon;
				CODE_SIGN_STYLE = Automatic;
				DEVELOPMENT_ASSET_PATHS = "\"GaitSensor/Preview Content\"";
				DEVELOPMENT_TEAM = PNKEW93VZ6;
				ENABLE_PREVIEWS = YES;
				INFOPLIST_FILE = GaitSensor/Info.plist;
				LD_RUNPATH_SEARCH_PATHS = (
					"$(inherited)",
					"@executable_path/Frameworks",
				);
				PRODUCT_BUNDLE_IDENTIFIER = edu.stonybrook.GaitSensor;
				PRODUCT_NAME = "$(TARGET_NAME)";
				SWIFT_VERSION = 5.0;
				TARGETED_DEVICE_FAMILY = "1,2";
			};
			name = Release;
		};
/* End XCBuildConfiguration section */

/* Begin XCConfigurationList section */
		F10DD91A251960AE00B6B7A3 /* Build configuration list for PBXProject "GaitSensor" */ = {
			isa = XCConfigurationList;
			buildConfigurations = (
				F10DD931251960B000B6B7A3 /* Debug */,
				F10DD932251960B000B6B7A3 /* Release */,
			);
			defaultConfigurationIsVisible = 0;
			defaultConfigurationName = Release;
		};
		F10DD933251960B000B6B7A3 /* Build configuration list for PBXNativeTarget "GaitSensor" */ = {
			isa = XCConfigurationList;
			buildConfigurations = (
				F10DD934251960B000B6B7A3 /* Debug */,
				F10DD935251960B000B6B7A3 /* Release */,
			);
			defaultConfigurationIsVisible = 0;
			defaultConfigurationName = Release;
		};
/* End XCConfigurationList section */
	};
	rootObject = F10DD917251960AE00B6B7A3 /* Project object */;
}
